// !$*UTF8*$!
{
	archiveVersion = 1;
	classes = {
	};
	objectVersion = 46;
	objects = {

/* Begin PBXBuildFile section */
		AAE474BE1B2741490080B3B2 /* contextView.m in Sources */ = {isa = PBXBuildFile; fileRef = AAE474BD1B2741490080B3B2 /* contextView.m */; };
		AAEEC10E1B3C5D5C00F72887 /* ipad_pr.png in Resources */ = {isa = PBXBuildFile; fileRef = AAEEC0F01B3C5D5C00F72887 /* ipad_pr.png */; };
		AAEEC10F1B3C5D5C00F72887 /* ipad.jpg in Resources */ = {isa = PBXBuildFile; fileRef = AAEEC0F11B3C5D5C00F72887 /* ipad.jpg */; };
		AAEEC1101B3C5D5C00F72887 /* monster-1.png in Resources */ = {isa = PBXBuildFile; fileRef = AAEEC0F21B3C5D5C00F72887 /* monster-1.png */; };
		AAEEC1111B3C5D5C00F72887 /* monster-2.png in Resources */ = {isa = PBXBuildFile; fileRef = AAEEC0F31B3C5D5C00F72887 /* monster-2.png */; };
		AAEEC1121B3C5D5C00F72887 /* monster-3.png in Resources */ = {isa = PBXBuildFile; fileRef = AAEEC0F41B3C5D5C00F72887 /* monster-3.png */; };
		AAEEC1131B3C5D5C00F72887 /* monster-4.png in Resources */ = {isa = PBXBuildFile; fileRef = AAEEC0F51B3C5D5C00F72887 /* monster-4.png */; };
		AAEEC1141B3C5D5C00F72887 /* monster-5.png in Resources */ = {isa = PBXBuildFile; fileRef = AAEEC0F61B3C5D5C00F72887 /* monster-5.png */; };
		AAEEC1151B3C5D5C00F72887 /* monster-6.png in Resources */ = {isa = PBXBuildFile; fileRef = AAEEC0F71B3C5D5C00F72887 /* monster-6.png */; };
		AAEEC1161B3C5D5C00F72887 /* monster-7.png in Resources */ = {isa = PBXBuildFile; fileRef = AAEEC0F81B3C5D5C00F72887 /* monster-7.png */; };
		AAEEC1171B3C5D5C00F72887 /* monster-8.png in Resources */ = {isa = PBXBuildFile; fileRef = AAEEC0F91B3C5D5C00F72887 /* monster-8.png */; };
		AAEEC1181B3C5D5C00F72887 /* monster-9.png in Resources */ = {isa = PBXBuildFile; fileRef = AAEEC0FA1B3C5D5C00F72887 /* monster-9.png */; };
		AAEEC1191B3C5D5C00F72887 /* monster-10.png in Resources */ = {isa = PBXBuildFile; fileRef = AAEEC0FB1B3C5D5C00F72887 /* monster-10.png */; };
		AAEEC11A1B3C5D5C00F72887 /* monster-11.png in Resources */ = {isa = PBXBuildFile; fileRef = AAEEC0FC1B3C5D5C00F72887 /* monster-11.png */; };
		AAEEC11B1B3C5D5C00F72887 /* monster-12.png in Resources */ = {isa = PBXBuildFile; fileRef = AAEEC0FD1B3C5D5C00F72887 /* monster-12.png */; };
		AAEEC11C1B3C5D5C00F72887 /* monster-13.png in Resources */ = {isa = PBXBuildFile; fileRef = AAEEC0FE1B3C5D5C00F72887 /* monster-13.png */; };
		AAEEC11D1B3C5D5C00F72887 /* monster-14.png in Resources */ = {isa = PBXBuildFile; fileRef = AAEEC0FF1B3C5D5C00F72887 /* monster-14.png */; };
		AAEEC11E1B3C5D5C00F72887 /* monster-15.png in Resources */ = {isa = PBXBuildFile; fileRef = AAEEC1001B3C5D5C00F72887 /* monster-15.png */; };
		AAEEC11F1B3C5D5C00F72887 /* testApp.png in Resources */ = {isa = PBXBuildFile; fileRef = AAEEC1011B3C5D5C00F72887 /* testApp.png */; };
		AAEEC1201B3C5D5C00F72887 /* tmp-0.gif in Resources */ = {isa = PBXBuildFile; fileRef = AAEEC1021B3C5D5C00F72887 /* tmp-0.gif */; };
		AAEEC1211B3C5D5C00F72887 /* tmp-1.gif in Resources */ = {isa = PBXBuildFile; fileRef = AAEEC1031B3C5D5C00F72887 /* tmp-1.gif */; };
		AAEEC1221B3C5D5C00F72887 /* tmp-2.gif in Resources */ = {isa = PBXBuildFile; fileRef = AAEEC1041B3C5D5C00F72887 /* tmp-2.gif */; };
		AAEEC1231B3C5D5C00F72887 /* tmp-3.gif in Resources */ = {isa = PBXBuildFile; fileRef = AAEEC1051B3C5D5C00F72887 /* tmp-3.gif */; };
		AAEEC1241B3C5D5C00F72887 /* tmp-4.gif in Resources */ = {isa = PBXBuildFile; fileRef = AAEEC1061B3C5D5C00F72887 /* tmp-4.gif */; };
		AAEEC1251B3C5D5C00F72887 /* tmp-5.gif in Resources */ = {isa = PBXBuildFile; fileRef = AAEEC1071B3C5D5C00F72887 /* tmp-5.gif */; };
		AAEEC1261B3C5D5C00F72887 /* tmp-6.gif in Resources */ = {isa = PBXBuildFile; fileRef = AAEEC1081B3C5D5C00F72887 /* tmp-6.gif */; };
		AAEEC1271B3C5D5C00F72887 /* tmp-7.gif in Resources */ = {isa = PBXBuildFile; fileRef = AAEEC1091B3C5D5C00F72887 /* tmp-7.gif */; };
		AAEEC1281B3C5D5C00F72887 /* tmp-8.gif in Resources */ = {isa = PBXBuildFile; fileRef = AAEEC10A1B3C5D5C00F72887 /* tmp-8.gif */; };
		AAEEC1291B3C5D5C00F72887 /* tmp-9.gif in Resources */ = {isa = PBXBuildFile; fileRef = AAEEC10B1B3C5D5C00F72887 /* tmp-9.gif */; };
		AAEEC12A1B3C5D5C00F72887 /* watercolour2.png in Resources */ = {isa = PBXBuildFile; fileRef = AAEEC10C1B3C5D5C00F72887 /* watercolour2.png */; };
		AAEEC12B1B3C5D5C00F72887 /* classic-emoticons_face-screaming-in-fear_simple-black_512x512.png in Resources */ = {isa = PBXBuildFile; fileRef = AAEEC10D1B3C5D5C00F72887 /* classic-emoticons_face-screaming-in-fear_simple-black_512x512.png */; };
		AAEF133A1B1FB768001CA805 /* main.m in Sources */ = {isa = PBXBuildFile; fileRef = AAEF13391B1FB768001CA805 /* main.m */; };
		AAEF133D1B1FB768001CA805 /* AppDelegate.m in Sources */ = {isa = PBXBuildFile; fileRef = AAEF133C1B1FB768001CA805 /* AppDelegate.m */; };
		AAEF13401B1FB768001CA805 /* ViewController.m in Sources */ = {isa = PBXBuildFile; fileRef = AAEF133F1B1FB768001CA805 /* ViewController.m */; };
		AAEF13431B1FB768001CA805 /* Main.storyboard in Resources */ = {isa = PBXBuildFile; fileRef = AAEF13411B1FB768001CA805 /* Main.storyboard */; };
		AAEF13451B1FB768001CA805 /* Images.xcassets in Resources */ = {isa = PBXBuildFile; fileRef = AAEF13441B1FB768001CA805 /* Images.xcassets */; };
		AAEF13481B1FB768001CA805 /* LaunchScreen.xib in Resources */ = {isa = PBXBuildFile; fileRef = AAEF13461B1FB768001CA805 /* LaunchScreen.xib */; };
		AAEF13541B1FB768001CA805 /* TEST_5Tests.m in Sources */ = {isa = PBXBuildFile; fileRef = AAEF13531B1FB768001CA805 /* TEST_5Tests.m */; };
/* End PBXBuildFile section */

/* Begin PBXContainerItemProxy section */
		AAEF134E1B1FB768001CA805 /* PBXContainerItemProxy */ = {
			isa = PBXContainerItemProxy;
			containerPortal = AAEF132C1B1FB768001CA805 /* Project object */;
			proxyType = 1;
			remoteGlobalIDString = AAEF13331B1FB768001CA805;
			remoteInfo = TEST_5;
		};
/* End PBXContainerItemProxy section */

/* Begin PBXFileReference section */
		AAE474BC1B2741490080B3B2 /* contextView.h */ = {isa = PBXFileReference; fileEncoding = 4; lastKnownFileType = sourcecode.c.h; name = contextView.h; path = ../contextView.h; sourceTree = "<group>"; };
		AAE474BD1B2741490080B3B2 /* contextView.m */ = {isa = PBXFileReference; fileEncoding = 4; lastKnownFileType = sourcecode.c.objc; name = contextView.m; path = ../contextView.m; sourceTree = "<group>"; };
		AAEEC0F01B3C5D5C00F72887 /* ipad_pr.png */ = {isa = PBXFileReference; lastKnownFileType = image.png; name = ipad_pr.png; path = images/ipad_pr.png; sourceTree = "<group>"; };
		AAEEC0F11B3C5D5C00F72887 /* ipad.jpg */ = {isa = PBXFileReference; lastKnownFileType = image.jpeg; name = ipad.jpg; path = images/ipad.jpg; sourceTree = "<group>"; };
		AAEEC0F21B3C5D5C00F72887 /* monster-1.png */ = {isa = PBXFileReference; lastKnownFileType = image.png; name = "monster-1.png"; path = "images/monster-1.png"; sourceTree = "<group>"; };
		AAEEC0F31B3C5D5C00F72887 /* monster-2.png */ = {isa = PBXFileReference; lastKnownFileType = image.png; name = "monster-2.png"; path = "images/monster-2.png"; sourceTree = "<group>"; };
		AAEEC0F41B3C5D5C00F72887 /* monster-3.png */ = {isa = PBXFileReference; lastKnownFileType = image.png; name = "monster-3.png"; path = "images/monster-3.png"; sourceTree = "<group>"; };
		AAEEC0F51B3C5D5C00F72887 /* monster-4.png */ = {isa = PBXFileReference; lastKnownFileType = image.png; name = "monster-4.png"; path = "images/monster-4.png"; sourceTree = "<group>"; };
		AAEEC0F61B3C5D5C00F72887 /* monster-5.png */ = {isa = PBXFileReference; lastKnownFileType = image.png; name = "monster-5.png"; path = "images/monster-5.png"; sourceTree = "<group>"; };
		AAEEC0F71B3C5D5C00F72887 /* monster-6.png */ = {isa = PBXFileReference; lastKnownFileType = image.png; name = "monster-6.png"; path = "images/monster-6.png"; sourceTree = "<group>"; };
		AAEEC0F81B3C5D5C00F72887 /* monster-7.png */ = {isa = PBXFileReference; lastKnownFileType = image.png; name = "monster-7.png"; path = "images/monster-7.png"; sourceTree = "<group>"; };
		AAEEC0F91B3C5D5C00F72887 /* monster-8.png */ = {isa = PBXFileReference; lastKnownFileType = image.png; name = "monster-8.png"; path = "images/monster-8.png"; sourceTree = "<group>"; };
		AAEEC0FA1B3C5D5C00F72887 /* monster-9.png */ = {isa = PBXFileReference; lastKnownFileType = image.png; name = "monster-9.png"; path = "images/monster-9.png"; sourceTree = "<group>"; };
		AAEEC0FB1B3C5D5C00F72887 /* monster-10.png */ = {isa = PBXFileReference; lastKnownFileType = image.png; name = "monster-10.png"; path = "images/monster-10.png"; sourceTree = "<group>"; };
		AAEEC0FC1B3C5D5C00F72887 /* monster-11.png */ = {isa = PBXFileReference; lastKnownFileType = image.png; name = "monster-11.png"; path = "images/monster-11.png"; sourceTree = "<group>"; };
		AAEEC0FD1B3C5D5C00F72887 /* monster-12.png */ = {isa = PBXFileReference; lastKnownFileType = image.png; name = "monster-12.png"; path = "images/monster-12.png"; sourceTree = "<group>"; };
		AAEEC0FE1B3C5D5C00F72887 /* monster-13.png */ = {isa = PBXFileReference; lastKnownFileType = image.png; name = "monster-13.png"; path = "images/monster-13.png"; sourceTree = "<group>"; };
		AAEEC0FF1B3C5D5C00F72887 /* monster-14.png */ = {isa = PBXFileReference; lastKnownFileType = image.png; name = "monster-14.png"; path = "images/monster-14.png"; sourceTree = "<group>"; };
		AAEEC1001B3C5D5C00F72887 /* monster-15.png */ = {isa = PBXFileReference; lastKnownFileType = image.png; name = "monster-15.png"; path = "images/monster-15.png"; sourceTree = "<group>"; };
		AAEEC1011B3C5D5C00F72887 /* testApp.png */ = {isa = PBXFileReference; lastKnownFileType = image.png; name = testApp.png; path = images/testApp.png; sourceTree = "<group>"; };
		AAEEC1021B3C5D5C00F72887 /* tmp-0.gif */ = {isa = PBXFileReference; lastKnownFileType = image.gif; name = "tmp-0.gif"; path = "images/tmp-0.gif"; sourceTree = "<group>"; };
		AAEEC1031B3C5D5C00F72887 /* tmp-1.gif */ = {isa = PBXFileReference; lastKnownFileType = image.gif; name = "tmp-1.gif"; path = "images/tmp-1.gif"; sourceTree = "<group>"; };
		AAEEC1041B3C5D5C00F72887 /* tmp-2.gif */ = {isa = PBXFileReference; lastKnownFileType = image.gif; name = "tmp-2.gif"; path = "images/tmp-2.gif"; sourceTree = "<group>"; };
		AAEEC1051B3C5D5C00F72887 /* tmp-3.gif */ = {isa = PBXFileReference; lastKnownFileType = image.gif; name = "tmp-3.gif"; path = "images/tmp-3.gif"; sourceTree = "<group>"; };
		AAEEC1061B3C5D5C00F72887 /* tmp-4.gif */ = {isa = PBXFileReference; lastKnownFileType = image.gif; name = "tmp-4.gif"; path = "images/tmp-4.gif"; sourceTree = "<group>"; };
		AAEEC1071B3C5D5C00F72887 /* tmp-5.gif */ = {isa = PBXFileReference; lastKnownFileType = image.gif; name = "tmp-5.gif"; path = "images/tmp-5.gif"; sourceTree = "<group>"; };
		AAEEC1081B3C5D5C00F72887 /* tmp-6.gif */ = {isa = PBXFileReference; lastKnownFileType = image.gif; name = "tmp-6.gif"; path = "images/tmp-6.gif"; sourceTree = "<group>"; };
		AAEEC1091B3C5D5C00F72887 /* tmp-7.gif */ = {isa = PBXFileReference; lastKnownFileType = image.gif; name = "tmp-7.gif"; path = "images/tmp-7.gif"; sourceTree = "<group>"; };
		AAEEC10A1B3C5D5C00F72887 /* tmp-8.gif */ = {isa = PBXFileReference; lastKnownFileType = image.gif; name = "tmp-8.gif"; path = "images/tmp-8.gif"; sourceTree = "<group>"; };
		AAEEC10B1B3C5D5C00F72887 /* tmp-9.gif */ = {isa = PBXFileReference; lastKnownFileType = image.gif; name = "tmp-9.gif"; path = "images/tmp-9.gif"; sourceTree = "<group>"; };
		AAEEC10C1B3C5D5C00F72887 /* watercolour2.png */ = {isa = PBXFileReference; lastKnownFileType = image.png; name = watercolour2.png; path = images/watercolour2.png; sourceTree = "<group>"; };
		AAEEC10D1B3C5D5C00F72887 /* classic-emoticons_face-screaming-in-fear_simple-black_512x512.png */ = {isa = PBXFileReference; lastKnownFileType = image.png; name = "classic-emoticons_face-screaming-in-fear_simple-black_512x512.png"; path = "images/classic-emoticons_face-screaming-in-fear_simple-black_512x512.png"; sourceTree = "<group>"; };
		AAEF13341B1FB768001CA805 /* sYm.app */ = {isa = PBXFileReference; explicitFileType = wrapper.application; includeInIndex = 0; path = sYm.app; sourceTree = BUILT_PRODUCTS_DIR; };
		AAEF13381B1FB768001CA805 /* Info.plist */ = {isa = PBXFileReference; lastKnownFileType = text.plist.xml; path = Info.plist; sourceTree = "<group>"; };
		AAEF13391B1FB768001CA805 /* main.m */ = {isa = PBXFileReference; lastKnownFileType = sourcecode.c.objc; path = main.m; sourceTree = "<group>"; };
		AAEF133B1B1FB768001CA805 /* AppDelegate.h */ = {isa = PBXFileReference; lastKnownFileType = sourcecode.c.h; path = AppDelegate.h; sourceTree = "<group>"; };
		AAEF133C1B1FB768001CA805 /* AppDelegate.m */ = {isa = PBXFileReference; lastKnownFileType = sourcecode.c.objc; path = AppDelegate.m; sourceTree = "<group>"; };
		AAEF133E1B1FB768001CA805 /* ViewController.h */ = {isa = PBXFileReference; lastKnownFileType = sourcecode.c.h; path = ViewController.h; sourceTree = "<group>"; };
		AAEF133F1B1FB768001CA805 /* ViewController.m */ = {isa = PBXFileReference; lastKnownFileType = sourcecode.c.objc; path = ViewController.m; sourceTree = "<group>"; };
		AAEF13421B1FB768001CA805 /* Base */ = {isa = PBXFileReference; lastKnownFileType = file.storyboard; name = Base; path = Base.lproj/Main.storyboard; sourceTree = "<group>"; };
		AAEF13441B1FB768001CA805 /* Images.xcassets */ = {isa = PBXFileReference; lastKnownFileType = folder.assetcatalog; path = Images.xcassets; sourceTree = "<group>"; };
		AAEF13471B1FB768001CA805 /* Base */ = {isa = PBXFileReference; lastKnownFileType = file.xib; name = Base; path = Base.lproj/LaunchScreen.xib; sourceTree = "<group>"; };
		AAEF134D1B1FB768001CA805 /* sYmTests.xctest */ = {isa = PBXFileReference; explicitFileType = wrapper.cfbundle; includeInIndex = 0; path = sYmTests.xctest; sourceTree = BUILT_PRODUCTS_DIR; };
		AAEF13521B1FB768001CA805 /* Info.plist */ = {isa = PBXFileReference; lastKnownFileType = text.plist.xml; path = Info.plist; sourceTree = "<group>"; };
		AAEF13531B1FB768001CA805 /* TEST_5Tests.m */ = {isa = PBXFileReference; lastKnownFileType = sourcecode.c.objc; path = TEST_5Tests.m; sourceTree = "<group>"; };
/* End PBXFileReference section */

/* Begin PBXFrameworksBuildPhase section */
		AAEF13311B1FB768001CA805 /* Frameworks */ = {
			isa = PBXFrameworksBuildPhase;
			buildActionMask = 2147483647;
			files = (
			);
			runOnlyForDeploymentPostprocessing = 0;
		};
		AAEF134A1B1FB768001CA805 /* Frameworks */ = {
			isa = PBXFrameworksBuildPhase;
			buildActionMask = 2147483647;
			files = (
			);
			runOnlyForDeploymentPostprocessing = 0;
		};
/* End PBXFrameworksBuildPhase section */

/* Begin PBXGroup section */
		AAEEC0EF1B3C5CFF00F72887 /* images */ = {
			isa = PBXGroup;
			children = (
				AAEEC0F01B3C5D5C00F72887 /* ipad_pr.png */,
				AAEEC0F11B3C5D5C00F72887 /* ipad.jpg */,
				AAEEC0F21B3C5D5C00F72887 /* monster-1.png */,
				AAEEC0F31B3C5D5C00F72887 /* monster-2.png */,
				AAEEC0F41B3C5D5C00F72887 /* monster-3.png */,
				AAEEC0F51B3C5D5C00F72887 /* monster-4.png */,
				AAEEC0F61B3C5D5C00F72887 /* monster-5.png */,
				AAEEC0F71B3C5D5C00F72887 /* monster-6.png */,
				AAEEC0F81B3C5D5C00F72887 /* monster-7.png */,
				AAEEC0F91B3C5D5C00F72887 /* monster-8.png */,
				AAEEC0FA1B3C5D5C00F72887 /* monster-9.png */,
				AAEEC0FB1B3C5D5C00F72887 /* monster-10.png */,
				AAEEC0FC1B3C5D5C00F72887 /* monster-11.png */,
				AAEEC0FD1B3C5D5C00F72887 /* monster-12.png */,
				AAEEC0FE1B3C5D5C00F72887 /* monster-13.png */,
				AAEEC0FF1B3C5D5C00F72887 /* monster-14.png */,
				AAEEC1001B3C5D5C00F72887 /* monster-15.png */,
				AAEEC1011B3C5D5C00F72887 /* testApp.png */,
				AAEEC1021B3C5D5C00F72887 /* tmp-0.gif */,
				AAEEC1031B3C5D5C00F72887 /* tmp-1.gif */,
				AAEEC1041B3C5D5C00F72887 /* tmp-2.gif */,
				AAEEC1051B3C5D5C00F72887 /* tmp-3.gif */,
				AAEEC1061B3C5D5C00F72887 /* tmp-4.gif */,
				AAEEC1071B3C5D5C00F72887 /* tmp-5.gif */,
				AAEEC1081B3C5D5C00F72887 /* tmp-6.gif */,
				AAEEC1091B3C5D5C00F72887 /* tmp-7.gif */,
				AAEEC10A1B3C5D5C00F72887 /* tmp-8.gif */,
				AAEEC10B1B3C5D5C00F72887 /* tmp-9.gif */,
				AAEEC10C1B3C5D5C00F72887 /* watercolour2.png */,
				AAEEC10D1B3C5D5C00F72887 /* classic-emoticons_face-screaming-in-fear_simple-black_512x512.png */,
			);
			name = images;
			sourceTree = "<group>";
		};
		AAEF132B1B1FB768001CA805 = {
			isa = PBXGroup;
			children = (
				AAEF13361B1FB768001CA805 /* sYm */,
				AAEF13501B1FB768001CA805 /* TEST_5Tests */,
				AAEF13351B1FB768001CA805 /* Products */,
			);
			sourceTree = "<group>";
		};
		AAEF13351B1FB768001CA805 /* Products */ = {
			isa = PBXGroup;
			children = (
				AAEF13341B1FB768001CA805 /* sYm.app */,
				AAEF134D1B1FB768001CA805 /* sYmTests.xctest */,
			);
			name = Products;
			sourceTree = "<group>";
		};
		AAEF13361B1FB768001CA805 /* sYm */ = {
			isa = PBXGroup;
			children = (
				AAEEC0EF1B3C5CFF00F72887 /* images */,
				AAE474BC1B2741490080B3B2 /* contextView.h */,
				AAE474BD1B2741490080B3B2 /* contextView.m */,
				AAEF133B1B1FB768001CA805 /* AppDelegate.h */,
				AAEF133C1B1FB768001CA805 /* AppDelegate.m */,
				AAEF133E1B1FB768001CA805 /* ViewController.h */,
				AAEF133F1B1FB768001CA805 /* ViewController.m */,
				AAEF13411B1FB768001CA805 /* Main.storyboard */,
				AAEF13441B1FB768001CA805 /* Images.xcassets */,
				AAEF13461B1FB768001CA805 /* LaunchScreen.xib */,
				AAEF13371B1FB768001CA805 /* Supporting Files */,
			);
			name = sYm;
			path = TEST_5;
			sourceTree = "<group>";
		};
		AAEF13371B1FB768001CA805 /* Supporting Files */ = {
			isa = PBXGroup;
			children = (
				AAEF13381B1FB768001CA805 /* Info.plist */,
				AAEF13391B1FB768001CA805 /* main.m */,
			);
			name = "Supporting Files";
			sourceTree = "<group>";
		};
		AAEF13501B1FB768001CA805 /* TEST_5Tests */ = {
			isa = PBXGroup;
			children = (
				AAEF13531B1FB768001CA805 /* TEST_5Tests.m */,
				AAEF13511B1FB768001CA805 /* Supporting Files */,
			);
			path = TEST_5Tests;
			sourceTree = "<group>";
		};
		AAEF13511B1FB768001CA805 /* Supporting Files */ = {
			isa = PBXGroup;
			children = (
				AAEF13521B1FB768001CA805 /* Info.plist */,
			);
			name = "Supporting Files";
			sourceTree = "<group>";
		};
/* End PBXGroup section */

/* Begin PBXNativeTarget section */
		AAEF13331B1FB768001CA805 /* sYm */ = {
			isa = PBXNativeTarget;
			buildConfigurationList = AAEF13571B1FB768001CA805 /* Build configuration list for PBXNativeTarget "sYm" */;
			buildPhases = (
				AAEF13301B1FB768001CA805 /* Sources */,
				AAEF13311B1FB768001CA805 /* Frameworks */,
				AAEF13321B1FB768001CA805 /* Resources */,
			);
			buildRules = (
			);
			dependencies = (
			);
			name = sYm;
			productName = TEST_5;
			productReference = AAEF13341B1FB768001CA805 /* sYm.app */;
			productType = "com.apple.product-type.application";
		};
		AAEF134C1B1FB768001CA805 /* sYmTests */ = {
			isa = PBXNativeTarget;
			buildConfigurationList = AAEF135A1B1FB768001CA805 /* Build configuration list for PBXNativeTarget "sYmTests" */;
			buildPhases = (
				AAEF13491B1FB768001CA805 /* Sources */,
				AAEF134A1B1FB768001CA805 /* Frameworks */,
				AAEF134B1B1FB768001CA805 /* Resources */,
			);
			buildRules = (
			);
			dependencies = (
				AAEF134F1B1FB768001CA805 /* PBXTargetDependency */,
			);
			name = sYmTests;
			productName = TEST_5Tests;
			productReference = AAEF134D1B1FB768001CA805 /* sYmTests.xctest */;
			productType = "com.apple.product-type.bundle.unit-test";
		};
/* End PBXNativeTarget section */

/* Begin PBXProject section */
		AAEF132C1B1FB768001CA805 /* Project object */ = {
			isa = PBXProject;
			attributes = {
				LastUpgradeCheck = 0630;
				ORGANIZATIONNAME = Guang;
				TargetAttributes = {
					AAEF13331B1FB768001CA805 = {
						CreatedOnToolsVersion = 6.3.1;
					};
					AAEF134C1B1FB768001CA805 = {
						CreatedOnToolsVersion = 6.3.1;
						TestTargetID = AAEF13331B1FB768001CA805;
					};
				};
			};
			buildConfigurationList = AAEF132F1B1FB768001CA805 /* Build configuration list for PBXProject "sYm" */;
			compatibilityVersion = "Xcode 3.2";
			developmentRegion = English;
			hasScannedForEncodings = 0;
			knownRegions = (
				en,
				Base,
			);
			mainGroup = AAEF132B1B1FB768001CA805;
			productRefGroup = AAEF13351B1FB768001CA805 /* Products */;
			projectDirPath = "";
			projectRoot = "";
			targets = (
				AAEF13331B1FB768001CA805 /* sYm */,
				AAEF134C1B1FB768001CA805 /* sYmTests */,
			);
		};
/* End PBXProject section */

/* Begin PBXResourcesBuildPhase section */
		AAEF13321B1FB768001CA805 /* Resources */ = {
			isa = PBXResourcesBuildPhase;
			buildActionMask = 2147483647;
			files = (
				AAEEC11B1B3C5D5C00F72887 /* monster-12.png in Resources */,
				AAEEC1261B3C5D5C00F72887 /* tmp-6.gif in Resources */,
				AAEEC10F1B3C5D5C00F72887 /* ipad.jpg in Resources */,
				AAEEC1291B3C5D5C00F72887 /* tmp-9.gif in Resources */,
				AAEEC10E1B3C5D5C00F72887 /* ipad_pr.png in Resources */,
				AAEEC1251B3C5D5C00F72887 /* tmp-5.gif in Resources */,
				AAEEC12A1B3C5D5C00F72887 /* watercolour2.png in Resources */,
				AAEEC11E1B3C5D5C00F72887 /* monster-15.png in Resources */,
				AAEEC12B1B3C5D5C00F72887 /* classic-emoticons_face-screaming-in-fear_simple-black_512x512.png in Resources */,
				AAEEC1151B3C5D5C00F72887 /* monster-6.png in Resources */,
				AAEEC11A1B3C5D5C00F72887 /* monster-11.png in Resources */,
				AAEF13431B1FB768001CA805 /* Main.storyboard in Resources */,
				AAEEC1241B3C5D5C00F72887 /* tmp-4.gif in Resources */,
				AAEEC1101B3C5D5C00F72887 /* monster-1.png in Resources */,
				AAEEC11F1B3C5D5C00F72887 /* testApp.png in Resources */,
				AAEEC1221B3C5D5C00F72887 /* tmp-2.gif in Resources */,
				AAEF13481B1FB768001CA805 /* LaunchScreen.xib in Resources */,
				AAEEC1191B3C5D5C00F72887 /* monster-10.png in Resources */,
				AAEEC1161B3C5D5C00F72887 /* monster-7.png in Resources */,
				AAEEC1141B3C5D5C00F72887 /* monster-5.png in Resources */,
				AAEEC1181B3C5D5C00F72887 /* monster-9.png in Resources */,
				AAEEC1121B3C5D5C00F72887 /* monster-3.png in Resources */,
				AAEEC1271B3C5D5C00F72887 /* tmp-7.gif in Resources */,
				AAEEC11C1B3C5D5C00F72887 /* monster-13.png in Resources */,
				AAEEC1231B3C5D5C00F72887 /* tmp-3.gif in Resources */,
				AAEEC1201B3C5D5C00F72887 /* tmp-0.gif in Resources */,
				AAEEC1281B3C5D5C00F72887 /* tmp-8.gif in Resources */,
				AAEF13451B1FB768001CA805 /* Images.xcassets in Resources */,
				AAEEC1171B3C5D5C00F72887 /* monster-8.png in Resources */,
				AAEEC1211B3C5D5C00F72887 /* tmp-1.gif in Resources */,
				AAEEC1111B3C5D5C00F72887 /* monster-2.png in Resources */,
				AAEEC1131B3C5D5C00F72887 /* monster-4.png in Resources */,
				AAEEC11D1B3C5D5C00F72887 /* monster-14.png in Resources */,
			);
			runOnlyForDeploymentPostprocessing = 0;
		};
		AAEF134B1B1FB768001CA805 /* Resources */ = {
			isa = PBXResourcesBuildPhase;
			buildActionMask = 2147483647;
			files = (
			);
			runOnlyForDeploymentPostprocessing = 0;
		};
/* End PBXResourcesBuildPhase section */

/* Begin PBXSourcesBuildPhase section */
		AAEF13301B1FB768001CA805 /* Sources */ = {
			isa = PBXSourcesBuildPhase;
			buildActionMask = 2147483647;
			files = (
				AAE474BE1B2741490080B3B2 /* contextView.m in Sources */,
				AAEF13401B1FB768001CA805 /* ViewController.m in Sources */,
				AAEF133D1B1FB768001CA805 /* AppDelegate.m in Sources */,
				AAEF133A1B1FB768001CA805 /* main.m in Sources */,
			);
			runOnlyForDeploymentPostprocessing = 0;
		};
		AAEF13491B1FB768001CA805 /* Sources */ = {
			isa = PBXSourcesBuildPhase;
			buildActionMask = 2147483647;
			files = (
				AAEF13541B1FB768001CA805 /* TEST_5Tests.m in Sources */,
			);
			runOnlyForDeploymentPostprocessing = 0;
		};
/* End PBXSourcesBuildPhase section */

/* Begin PBXTargetDependency section */
		AAEF134F1B1FB768001CA805 /* PBXTargetDependency */ = {
			isa = PBXTargetDependency;
			target = AAEF13331B1FB768001CA805 /* sYm */;
			targetProxy = AAEF134E1B1FB768001CA805 /* PBXContainerItemProxy */;
		};
/* End PBXTargetDependency section */

/* Begin PBXVariantGroup section */
		AAEF13411B1FB768001CA805 /* Main.storyboard */ = {
			isa = PBXVariantGroup;
			children = (
				AAEF13421B1FB768001CA805 /* Base */,
			);
			name = Main.storyboard;
			sourceTree = "<group>";
		};
		AAEF13461B1FB768001CA805 /* LaunchScreen.xib */ = {
			isa = PBXVariantGroup;
			children = (
				AAEF13471B1FB768001CA805 /* Base */,
			);
			name = LaunchScreen.xib;
			sourceTree = "<group>";
		};
/* End PBXVariantGroup section */

/* Begin XCBuildConfiguration section */
		AAEF13551B1FB768001CA805 /* Debug */ = {
			isa = XCBuildConfiguration;
			buildSettings = {
				ALWAYS_SEARCH_USER_PATHS = NO;
				CLANG_CXX_LANGUAGE_STANDARD = "gnu++0x";
				CLANG_CXX_LIBRARY = "libc++";
				CLANG_ENABLE_MODULES = YES;
				CLANG_ENABLE_OBJC_ARC = YES;
				CLANG_WARN_BOOL_CONVERSION = YES;
				CLANG_WARN_CONSTANT_CONVERSION = YES;
				CLANG_WARN_DIRECT_OBJC_ISA_USAGE = YES_ERROR;
				CLANG_WARN_EMPTY_BODY = YES;
				CLANG_WARN_ENUM_CONVERSION = YES;
				CLANG_WARN_INT_CONVERSION = YES;
				CLANG_WARN_OBJC_ROOT_CLASS = YES_ERROR;
				CLANG_WARN_UNREACHABLE_CODE = YES;
				CLANG_WARN__DUPLICATE_METHOD_MATCH = YES;
				"CODE_SIGN_IDENTITY[sdk=iphoneos*]" = "iPhone Developer";
				COPY_PHASE_STRIP = NO;
				DEBUG_INFORMATION_FORMAT = "dwarf-with-dsym";
				ENABLE_STRICT_OBJC_MSGSEND = YES;
				GCC_C_LANGUAGE_STANDARD = gnu99;
				GCC_DYNAMIC_NO_PIC = NO;
				GCC_NO_COMMON_BLOCKS = YES;
				GCC_OPTIMIZATION_LEVEL = 0;
				GCC_PREPROCESSOR_DEFINITIONS = (
					"DEBUG=1",
					"$(inherited)",
				);
				GCC_SYMBOLS_PRIVATE_EXTERN = NO;
				GCC_WARN_64_TO_32_BIT_CONVERSION = YES;
				GCC_WARN_ABOUT_RETURN_TYPE = YES_ERROR;
				GCC_WARN_UNDECLARED_SELECTOR = YES;
				GCC_WARN_UNINITIALIZED_AUTOS = YES_AGGRESSIVE;
				GCC_WARN_UNUSED_FUNCTION = YES;
				GCC_WARN_UNUSED_VARIABLE = YES;
				IPHONEOS_DEPLOYMENT_TARGET = 8.3;
				MTL_ENABLE_DEBUG_INFO = YES;
				ONLY_ACTIVE_ARCH = YES;
				SDKROOT = iphoneos;
				TARGETED_DEVICE_FAMILY = "1,2";
			};
			name = Debug;
		};
		AAEF13561B1FB768001CA805 /* Release */ = {
			isa = XCBuildConfiguration;
			buildSettings = {
				ALWAYS_SEARCH_USER_PATHS = NO;
				CLANG_CXX_LANGUAGE_STANDARD = "gnu++0x";
				CLANG_CXX_LIBRARY = "libc++";
				CLANG_ENABLE_MODULES = YES;
				CLANG_ENABLE_OBJC_ARC = YES;
				CLANG_WARN_BOOL_CONVERSION = YES;
				CLANG_WARN_CONSTANT_CONVERSION = YES;
				CLANG_WARN_DIRECT_OBJC_ISA_USAGE = YES_ERROR;
				CLANG_WARN_EMPTY_BODY = YES;
				CLANG_WARN_ENUM_CONVERSION = YES;
				CLANG_WARN_INT_CONVERSION = YES;
				CLANG_WARN_OBJC_ROOT_CLASS = YES_ERROR;
				CLANG_WARN_UNREACHABLE_CODE = YES;
				CLANG_WARN__DUPLICATE_METHOD_MATCH = YES;
				"CODE_SIGN_IDENTITY[sdk=iphoneos*]" = "iPhone Developer";
				COPY_PHASE_STRIP = NO;
				DEBUG_INFORMATION_FORMAT = "dwarf-with-dsym";
				ENABLE_NS_ASSERTIONS = NO;
				ENABLE_STRICT_OBJC_MSGSEND = YES;
				GCC_C_LANGUAGE_STANDARD = gnu99;
				GCC_NO_COMMON_BLOCKS = YES;
				GCC_WARN_64_TO_32_BIT_CONVERSION = YES;
				GCC_WARN_ABOUT_RETURN_TYPE = YES_ERROR;
				GCC_WARN_UNDECLARED_SELECTOR = YES;
				GCC_WARN_UNINITIALIZED_AUTOS = YES_AGGRESSIVE;
				GCC_WARN_UNUSED_FUNCTION = YES;
				GCC_WARN_UNUSED_VARIABLE = YES;
				IPHONEOS_DEPLOYMENT_TARGET = 8.3;
				MTL_ENABLE_DEBUG_INFO = NO;
				SDKROOT = iphoneos;
				TARGETED_DEVICE_FAMILY = "1,2";
				VALIDATE_PRODUCT = YES;
			};
			name = Release;
		};
		AAEF13581B1FB768001CA805 /* Debug */ = {
			isa = XCBuildConfiguration;
			buildSettings = {
				ASSETCATALOG_COMPILER_APPICON_NAME = AppIcon;
				INFOPLIST_FILE = TEST_5/Info.plist;
				LD_RUNPATH_SEARCH_PATHS = "$(inherited) @executable_path/Frameworks";
				PRODUCT_NAME = sYm;
			};
			name = Debug;
		};
		AAEF13591B1FB768001CA805 /* Release */ = {
			isa = XCBuildConfiguration;
			buildSettings = {
				ASSETCATALOG_COMPILER_APPICON_NAME = AppIcon;
				INFOPLIST_FILE = TEST_5/Info.plist;
				LD_RUNPATH_SEARCH_PATHS = "$(inherited) @executable_path/Frameworks";
				PRODUCT_NAME = sYm;
			};
			name = Release;
		};
		AAEF135B1B1FB768001CA805 /* Debug */ = {
			isa = XCBuildConfiguration;
			buildSettings = {
				BUNDLE_LOADER = "$(TEST_HOST)";
				FRAMEWORK_SEARCH_PATHS = (
					"$(SDKROOT)/Developer/Library/Frameworks",
					"$(inherited)",
				);
				GCC_PREPROCESSOR_DEFINITIONS = (
					"DEBUG=1",
					"$(inherited)",
				);
				INFOPLIST_FILE = TEST_5Tests/Info.plist;
				LD_RUNPATH_SEARCH_PATHS = "$(inherited) @executable_path/Frameworks @loader_path/Frameworks";
				PRODUCT_NAME = sYmTests;
				TEST_HOST = "$(BUILT_PRODUCTS_DIR)/TEST_5.app/TEST_5";
			};
			name = Debug;
		};
		AAEF135C1B1FB768001CA805 /* Release */ = {
			isa = XCBuildConfiguration;
			buildSettings = {
				BUNDLE_LOADER = "$(TEST_HOST)";
				FRAMEWORK_SEARCH_PATHS = (
					"$(SDKROOT)/Developer/Library/Frameworks",
					"$(inherited)",
				);
				INFOPLIST_FILE = TEST_5Tests/Info.plist;
				LD_RUNPATH_SEARCH_PATHS = "$(inherited) @executable_path/Frameworks @loader_path/Frameworks";
				PRODUCT_NAME = sYmTests;
				TEST_HOST = "$(BUILT_PRODUCTS_DIR)/TEST_5.app/TEST_5";
			};
			name = Release;
		};
/* End XCBuildConfiguration section */

/* Begin XCConfigurationList section */
		AAEF132F1B1FB768001CA805 /* Build configuration list for PBXProject "sYm" */ = {
			isa = XCConfigurationList;
			buildConfigurations = (
				AAEF13551B1FB768001CA805 /* Debug */,
				AAEF13561B1FB768001CA805 /* Release */,
			);
			defaultConfigurationIsVisible = 0;
			defaultConfigurationName = Release;
		};
		AAEF13571B1FB768001CA805 /* Build configuration list for PBXNativeTarget "sYm" */ = {
			isa = XCConfigurationList;
			buildConfigurations = (
				AAEF13581B1FB768001CA805 /* Debug */,
				AAEF13591B1FB768001CA805 /* Release */,
			);
			defaultConfigurationIsVisible = 0;
			defaultConfigurationName = Release;
		};
		AAEF135A1B1FB768001CA805 /* Build configuration list for PBXNativeTarget "sYmTests" */ = {
			isa = XCConfigurationList;
			buildConfigurations = (
				AAEF135B1B1FB768001CA805 /* Debug */,
				AAEF135C1B1FB768001CA805 /* Release */,
			);
			defaultConfigurationIsVisible = 0;
			defaultConfigurationName = Release;
		};
/* End XCConfigurationList section */
	};
	rootObject = AAEF132C1B1FB768001CA805 /* Project object */;
}
